
Microsoft Visual Studio Solution File, Format Version 12.00
# Visual Studio Version 17
VisualStudioVersion = 17.8.34004.107
MinimumVisualStudioVersion = 10.0.40219.1
Project("{FAE04EC0-301F-11D3-BF4B-00C04F79EFBC}") = "SCPCosmetics", "SCPCosmetics.csproj", "{560AA224-9B80-4E72-B668-DBFB6B439764}"
EndProject
Global
	GlobalSection(SolutionConfigurationPlatforms) = preSolution
		Debug|Any CPU = Debug|Any CPU
		Release|Any CPU = Release|Any CPU
	EndGlobalSection
	GlobalSection(ProjectConfigurationPlatforms) = postSolution
		{560AA224-9B80-4E72-B668-DBFB6B439764}.Debug|Any CPU.ActiveCfg = Debug|Any CPU
		{560AA224-9B80-4E72-B668-DBFB6B439764}.Debug|Any CPU.Build.0 = Debug|Any CPU
		{560AA224-9B80-4E72-B668-DBFB6B439764}.Release|Any CPU.ActiveCfg = Release|Any CPU
		{560AA224-9B80-4E72-B668-DBFB6B439764}.Release|Any CPU.Build.0 = Release|Any CPU
	EndGlobalSection
	GlobalSection(SolutionProperties) = preSolution
		HideSolutionNode = FALSE
	EndGlobalSection
	GlobalSection(ExtensibilityGlobals) = postSolution
		SolutionGuid = {3582563F-D276-4993-8268-F1EAFC222901}
	EndGlobalSection
EndGlobal
